// !$*UTF8*$!
{
	archiveVersion = 1;
	classes = {
	};
	objectVersion = 56;
	objects = {

/* Begin PBXBuildFile section */
		4E272B9828E702E100628B9B /* SwiftUiExampleApp.swift in Sources */ = {isa = PBXBuildFile; fileRef = 4E272B9728E702E100628B9B /* SwiftUiExampleApp.swift */; };
		4E272B9A28E702E100628B9B /* ContentView.swift in Sources */ = {isa = PBXBuildFile; fileRef = 4E272B9928E702E100628B9B /* ContentView.swift */; };
		4E272B9C28E702E300628B9B /* Assets.xcassets in Resources */ = {isa = PBXBuildFile; fileRef = 4E272B9B28E702E300628B9B /* Assets.xcassets */; };
		4E272B9F28E702E300628B9B /* Preview Assets.xcassets in Resources */ = {isa = PBXBuildFile; fileRef = 4E272B9E28E702E300628B9B /* Preview Assets.xcassets */; };
		4E272BA928E702E300628B9B /* SwiftUiExampleTests.swift in Sources */ = {isa = PBXBuildFile; fileRef = 4E272BA828E702E300628B9B /* SwiftUiExampleTests.swift */; };
		4E272BB328E702E300628B9B /* SwiftUiExampleUITests.swift in Sources */ = {isa = PBXBuildFile; fileRef = 4E272BB228E702E300628B9B /* SwiftUiExampleUITests.swift */; };
		4E272BB528E702E300628B9B /* SwiftUiExampleUITestsLaunchTests.swift in Sources */ = {isa = PBXBuildFile; fileRef = 4E272BB428E702E300628B9B /* SwiftUiExampleUITestsLaunchTests.swift */; };
/* End PBXBuildFile section */

/* Begin PBXContainerItemProxy section */
		4E272BA528E702E300628B9B /* PBXContainerItemProxy */ = {
			isa = PBXContainerItemProxy;
			containerPortal = 4E272B8C28E702E100628B9B /* Project object */;
			proxyType = 1;
			remoteGlobalIDString = 4E272B9328E702E100628B9B;
			remoteInfo = SwiftUiExample;
		};
		4E272BAF28E702E300628B9B /* PBXContainerItemProxy */ = {
			isa = PBXContainerItemProxy;
			containerPortal = 4E272B8C28E702E100628B9B /* Project object */;
			proxyType = 1;
			remoteGlobalIDString = 4E272B9328E702E100628B9B;
			remoteInfo = SwiftUiExample;
		};
/* End PBXContainerItemProxy section */

/* Begin PBXFileReference section */
		4E272B9428E702E100628B9B /* SwiftUiExample.app */ = {isa = PBXFileReference; explicitFileType = wrapper.application; includeInIndex = 0; path = SwiftUiExample.app; sourceTree = BUILT_PRODUCTS_DIR; };
		4E272B9728E702E100628B9B /* SwiftUiExampleApp.swift */ = {isa = PBXFileReference; lastKnownFileType = sourcecode.swift; path = SwiftUiExampleApp.swift; sourceTree = "<group>"; };
		4E272B9928E702E100628B9B /* ContentView.swift */ = {isa = PBXFileReference; lastKnownFileType = sourcecode.swift; path = ContentView.swift; sourceTree = "<group>"; };
		4E272B9B28E702E300628B9B /* Assets.xcassets */ = {isa = PBXFileReference; lastKnownFileType = folder.assetcatalog; path = Assets.xcassets; sourceTree = "<group>"; };
		4E272B9E28E702E300628B9B /* Preview Assets.xcassets */ = {isa = PBXFileReference; lastKnownFileType = folder.assetcatalog; path = "Preview Assets.xcassets"; sourceTree = "<group>"; };
		4E272BA428E702E300628B9B /* SwiftUiExampleTests.xctest */ = {isa = PBXFileReference; explicitFileType = wrapper.cfbundle; includeInIndex = 0; path = SwiftUiExampleTests.xctest; sourceTree = BUILT_PRODUCTS_DIR; };
		4E272BA828E702E300628B9B /* SwiftUiExampleTests.swift */ = {isa = PBXFileReference; lastKnownFileType = sourcecode.swift; path = SwiftUiExampleTests.swift; sourceTree = "<group>"; };
		4E272BAE28E702E300628B9B /* SwiftUiExampleUITests.xctest */ = {isa = PBXFileReference; explicitFileType = wrapper.cfbundle; includeInIndex = 0; path = SwiftUiExampleUITests.xctest; sourceTree = BUILT_PRODUCTS_DIR; };
		4E272BB228E702E300628B9B /* SwiftUiExampleUITests.swift */ = {isa = PBXFileReference; lastKnownFileType = sourcecode.swift; path = SwiftUiExampleUITests.swift; sourceTree = "<group>"; };
		4E272BB428E702E300628B9B /* SwiftUiExampleUITestsLaunchTests.swift */ = {isa = PBXFileReference; lastKnownFileType = sourcecode.swift; path = SwiftUiExampleUITestsLaunchTests.swift; sourceTree = "<group>"; };
/* End PBXFileReference section */

/* Begin PBXFrameworksBuildPhase section */
		4E272B9128E702E100628B9B /* Frameworks */ = {
			isa = PBXFrameworksBuildPhase;
			buildActionMask = 2147483647;
			files = (
			);
			runOnlyForDeploymentPostprocessing = 0;
		};
		4E272BA128E702E300628B9B /* Frameworks */ = {
			isa = PBXFrameworksBuildPhase;
			buildActionMask = 2147483647;
			files = (
			);
			runOnlyForDeploymentPostprocessing = 0;
		};
		4E272BAB28E702E300628B9B /* Frameworks */ = {
			isa = PBXFrameworksBuildPhase;
			buildActionMask = 2147483647;
			files = (
			);
			runOnlyForDeploymentPostprocessing = 0;
		};
/* End PBXFrameworksBuildPhase section */

/* Begin PBXGroup section */
		4E272B8B28E702E100628B9B = {
			isa = PBXGroup;
			children = (
				4E272B9628E702E100628B9B /* SwiftUiExample */,
				4E272BA728E702E300628B9B /* SwiftUiExampleTests */,
				4E272BB128E702E300628B9B /* SwiftUiExampleUITests */,
				4E272B9528E702E100628B9B /* Products */,
			);
			sourceTree = "<group>";
		};
		4E272B9528E702E100628B9B /* Products */ = {
			isa = PBXGroup;
			children = (
				4E272B9428E702E100628B9B /* SwiftUiExample.app */,
				4E272BA428E702E300628B9B /* SwiftUiExampleTests.xctest */,
				4E272BAE28E702E300628B9B /* SwiftUiExampleUITests.xctest */,
			);
			name = Products;
			sourceTree = "<group>";
		};
		4E272B9628E702E100628B9B /* SwiftUiExample */ = {
			isa = PBXGroup;
			children = (
				4E272B9728E702E100628B9B /* SwiftUiExampleApp.swift */,
				4E272B9928E702E100628B9B /* ContentView.swift */,
				4E272B9B28E702E300628B9B /* Assets.xcassets */,
				4E272B9D28E702E300628B9B /* Preview Content */,
			);
			path = SwiftUiExample;
			sourceTree = "<group>";
		};
		4E272B9D28E702E300628B9B /* Preview Content */ = {
			isa = PBXGroup;
			children = (
				4E272B9E28E702E300628B9B /* Preview Assets.xcassets */,
			);
			path = "Preview Content";
			sourceTree = "<group>";
		};
		4E272BA728E702E300628B9B /* SwiftUiExampleTests */ = {
			isa = PBXGroup;
			children = (
				4E272BA828E702E300628B9B /* SwiftUiExampleTests.swift */,
			);
			path = SwiftUiExampleTests;
			sourceTree = "<group>";
		};
		4E272BB128E702E300628B9B /* SwiftUiExampleUITests */ = {
			isa = PBXGroup;
			children = (
				4E272BB228E702E300628B9B /* SwiftUiExampleUITests.swift */,
				4E272BB428E702E300628B9B /* SwiftUiExampleUITestsLaunchTests.swift */,
			);
			path = SwiftUiExampleUITests;
			sourceTree = "<group>";
		};
/* End PBXGroup section */

/* Begin PBXNativeTarget section */
		4E272B9328E702E100628B9B /* SwiftUiExample */ = {
			isa = PBXNativeTarget;
			buildConfigurationList = 4E272BB828E702E300628B9B /* Build configuration list for PBXNativeTarget "SwiftUiExample" */;
			buildPhases = (
				4E272B9028E702E100628B9B /* Sources */,
				4E272B9128E702E100628B9B /* Frameworks */,
				4E272B9228E702E100628B9B /* Resources */,
			);
			buildRules = (
			);
			dependencies = (
			);
			name = SwiftUiExample;
			productName = SwiftUiExample;
			productReference = 4E272B9428E702E100628B9B /* SwiftUiExample.app */;
			productType = "com.apple.product-type.application";
		};
		4E272BA328E702E300628B9B /* SwiftUiExampleTests */ = {
			isa = PBXNativeTarget;
			buildConfigurationList = 4E272BBB28E702E300628B9B /* Build configuration list for PBXNativeTarget "SwiftUiExampleTests" */;
			buildPhases = (
				4E272BA028E702E300628B9B /* Sources */,
				4E272BA128E702E300628B9B /* Frameworks */,
				4E272BA228E702E300628B9B /* Resources */,
			);
			buildRules = (
			);
			dependencies = (
				4E272BA628E702E300628B9B /* PBXTargetDependency */,
			);
			name = SwiftUiExampleTests;
			productName = SwiftUiExampleTests;
			productReference = 4E272BA428E702E300628B9B /* SwiftUiExampleTests.xctest */;
			productType = "com.apple.product-type.bundle.unit-test";
		};
		4E272BAD28E702E300628B9B /* SwiftUiExampleUITests */ = {
			isa = PBXNativeTarget;
			buildConfigurationList = 4E272BBE28E702E300628B9B /* Build configuration list for PBXNativeTarget "SwiftUiExampleUITests" */;
			buildPhases = (
				4E272BAA28E702E300628B9B /* Sources */,
				4E272BAB28E702E300628B9B /* Frameworks */,
				4E272BAC28E702E300628B9B /* Resources */,
			);
			buildRules = (
			);
			dependencies = (
				4E272BB028E702E300628B9B /* PBXTargetDependency */,
			);
			name = SwiftUiExampleUITests;
			productName = SwiftUiExampleUITests;
			productReference = 4E272BAE28E702E300628B9B /* SwiftUiExampleUITests.xctest */;
			productType = "com.apple.product-type.bundle.ui-testing";
		};
/* End PBXNativeTarget section */

/* Begin PBXProject section */
		4E272B8C28E702E100628B9B /* Project object */ = {
			isa = PBXProject;
			attributes = {
				BuildIndependentTargetsInParallel = 1;
				LastSwiftUpdateCheck = 1400;
				LastUpgradeCheck = 1400;
				TargetAttributes = {
					4E272B9328E702E100628B9B = {
						CreatedOnToolsVersion = 14.0.1;
					};
					4E272BA328E702E300628B9B = {
						CreatedOnToolsVersion = 14.0.1;
						TestTargetID = 4E272B9328E702E100628B9B;
					};
					4E272BAD28E702E300628B9B = {
						CreatedOnToolsVersion = 14.0.1;
						TestTargetID = 4E272B9328E702E100628B9B;
					};
				};
			};
			buildConfigurationList = 4E272B8F28E702E100628B9B /* Build configuration list for PBXProject "SwiftUiExample" */;
			compatibilityVersion = "Xcode 14.0";
			developmentRegion = en;
			hasScannedForEncodings = 0;
			knownRegions = (
				en,
				Base,
			);
			mainGroup = 4E272B8B28E702E100628B9B;
			productRefGroup = 4E272B9528E702E100628B9B /* Products */;
			projectDirPath = "";
			projectRoot = "";
			targets = (
				4E272B9328E702E100628B9B /* SwiftUiExample */,
				4E272BA328E702E300628B9B /* SwiftUiExampleTests */,
				4E272BAD28E702E300628B9B /* SwiftUiExampleUITests */,
			);
		};
/* End PBXProject section */

/* Begin PBXResourcesBuildPhase section */
		4E272B9228E702E100628B9B /* Resources */ = {
			isa = PBXResourcesBuildPhase;
			buildActionMask = 2147483647;
			files = (
				4E272B9F28E702E300628B9B /* Preview Assets.xcassets in Resources */,
				4E272B9C28E702E300628B9B /* Assets.xcassets in Resources */,
			);
			runOnlyForDeploymentPostprocessing = 0;
		};
		4E272BA228E702E300628B9B /* Resources */ = {
			isa = PBXResourcesBuildPhase;
			buildActionMask = 2147483647;
			files = (
			);
			runOnlyForDeploymentPostprocessing = 0;
		};
		4E272BAC28E702E300628B9B /* Resources */ = {
			isa = PBXResourcesBuildPhase;
			buildActionMask = 2147483647;
			files = (
			);
			runOnlyForDeploymentPostprocessing = 0;
		};
/* End PBXResourcesBuildPhase section */

/* Begin PBXSourcesBuildPhase section */
		4E272B9028E702E100628B9B /* Sources */ = {
			isa = PBXSourcesBuildPhase;
			buildActionMask = 2147483647;
			files = (
				4E272B9A28E702E100628B9B /* ContentView.swift in Sources */,
				4E272B9828E702E100628B9B /* SwiftUiExampleApp.swift in Sources */,
			);
			runOnlyForDeploymentPostprocessing = 0;
		};
		4E272BA028E702E300628B9B /* Sources */ = {
			isa = PBXSourcesBuildPhase;
			buildActionMask = 2147483647;
			files = (
				4E272BA928E702E300628B9B /* SwiftUiExampleTests.swift in Sources */,
			);
			runOnlyForDeploymentPostprocessing = 0;
		};
		4E272BAA28E702E300628B9B /* Sources */ = {
			isa = PBXSourcesBuildPhase;
			buildActionMask = 2147483647;
			files = (
				4E272BB328E702E300628B9B /* SwiftUiExampleUITests.swift in Sources */,
				4E272BB528E702E300628B9B /* SwiftUiExampleUITestsLaunchTests.swift in Sources */,
			);
			runOnlyForDeploymentPostprocessing = 0;
		};
/* End PBXSourcesBuildPhase section */

/* Begin PBXTargetDependency section */
		4E272BA628E702E300628B9B /* PBXTargetDependency */ = {
			isa = PBXTargetDependency;
			target = 4E272B9328E702E100628B9B /* SwiftUiExample */;
			targetProxy = 4E272BA528E702E300628B9B /* PBXContainerItemProxy */;
		};
		4E272BB028E702E300628B9B /* PBXTargetDependency */ = {
			isa = PBXTargetDependency;
			target = 4E272B9328E702E100628B9B /* SwiftUiExample */;
			targetProxy = 4E272BAF28E702E300628B9B /* PBXContainerItemProxy */;
		};
/* End PBXTargetDependency section */

/* Begin XCBuildConfiguration section */
		4E272BB628E702E300628B9B /* Debug */ = {
			isa = XCBuildConfiguration;
			buildSettings = {
				ALWAYS_SEARCH_USER_PATHS = NO;
				CLANG_ANALYZER_NONNULL = YES;
				CLANG_ANALYZER_NUMBER_OBJECT_CONVERSION = YES_AGGRESSIVE;
				CLANG_CXX_LANGUAGE_STANDARD = "gnu++20";
				CLANG_ENABLE_MODULES = YES;
				CLANG_ENABLE_OBJC_ARC = YES;
				CLANG_ENABLE_OBJC_WEAK = YES;
				CLANG_WARN_BLOCK_CAPTURE_AUTORELEASING = YES;
				CLANG_WARN_BOOL_CONVERSION = YES;
				CLANG_WARN_COMMA = YES;
				CLANG_WARN_CONSTANT_CONVERSION = YES;
				CLANG_WARN_DEPRECATED_OBJC_IMPLEMENTATIONS = YES;
				CLANG_WARN_DIRECT_OBJC_ISA_USAGE = YES_ERROR;
				CLANG_WARN_DOCUMENTATION_COMMENTS = YES;
				CLANG_WARN_EMPTY_BODY = YES;
				CLANG_WARN_ENUM_CONVERSION = YES;
				CLANG_WARN_INFINITE_RECURSION = YES;
				CLANG_WARN_INT_CONVERSION = YES;
				CLANG_WARN_NON_LITERAL_NULL_CONVERSION = YES;
				CLANG_WARN_OBJC_IMPLICIT_RETAIN_SELF = YES;
				CLANG_WARN_OBJC_LITERAL_CONVERSION = YES;
				CLANG_WARN_OBJC_ROOT_CLASS = YES_ERROR;
				CLANG_WARN_QUOTED_INCLUDE_IN_FRAMEWORK_HEADER = YES;
				CLANG_WARN_RANGE_LOOP_ANALYSIS = YES;
				CLANG_WARN_STRICT_PROTOTYPES = YES;
				CLANG_WARN_SUSPICIOUS_MOVE = YES;
				CLANG_WARN_UNGUARDED_AVAILABILITY = YES_AGGRESSIVE;
				CLANG_WARN_UNREACHABLE_CODE = YES;
				CLANG_WARN__DUPLICATE_METHOD_MATCH = YES;
				COPY_PHASE_STRIP = NO;
				DEBUG_INFORMATION_FORMAT = dwarf;
				ENABLE_STRICT_OBJC_MSGSEND = YES;
				ENABLE_TESTABILITY = YES;
				GCC_C_LANGUAGE_STANDARD = gnu11;
				GCC_DYNAMIC_NO_PIC = NO;
				GCC_NO_COMMON_BLOCKS = YES;
				GCC_OPTIMIZATION_LEVEL = 0;
				GCC_PREPROCESSOR_DEFINITIONS = (
					"DEBUG=1",
					"$(inherited)",
				);
				GCC_WARN_64_TO_32_BIT_CONVERSION = YES;
				GCC_WARN_ABOUT_RETURN_TYPE = YES_ERROR;
				GCC_WARN_UNDECLARED_SELECTOR = YES;
				GCC_WARN_UNINITIALIZED_AUTOS = YES_AGGRESSIVE;
				GCC_WARN_UNUSED_FUNCTION = YES;
				GCC_WARN_UNUSED_VARIABLE = YES;
				IPHONEOS_DEPLOYMENT_TARGET = 16.0;
				MTL_ENABLE_DEBUG_INFO = INCLUDE_SOURCE;
				MTL_FAST_MATH = YES;
				ONLY_ACTIVE_ARCH = YES;
				SDKROOT = iphoneos;
				SWIFT_ACTIVE_COMPILATION_CONDITIONS = DEBUG;
				SWIFT_OPTIMIZATION_LEVEL = "-Onone";
			};
			name = Debug;
		};
		4E272BB728E702E300628B9B /* Release */ = {
			isa = XCBuildConfiguration;
			buildSettings = {
				ALWAYS_SEARCH_USER_PATHS = NO;
				CLANG_ANALYZER_NONNULL = YES;
				CLANG_ANALYZER_NUMBER_OBJECT_CONVERSION = YES_AGGRESSIVE;
				CLANG_CXX_LANGUAGE_STANDARD = "gnu++20";
				CLANG_ENABLE_MODULES = YES;
				CLANG_ENABLE_OBJC_ARC = YES;
				CLANG_ENABLE_OBJC_WEAK = YES;
				CLANG_WARN_BLOCK_CAPTURE_AUTORELEASING = YES;
				CLANG_WARN_BOOL_CONVERSION = YES;
				CLANG_WARN_COMMA = YES;
				CLANG_WARN_CONSTANT_CONVERSION = YES;
				CLANG_WARN_DEPRECATED_OBJC_IMPLEMENTATIONS = YES;
				CLANG_WARN_DIRECT_OBJC_ISA_USAGE = YES_ERROR;
				CLANG_WARN_DOCUMENTATION_COMMENTS = YES;
				CLANG_WARN_EMPTY_BODY = YES;
				CLANG_WARN_ENUM_CONVERSION = YES;
				CLANG_WARN_INFINITE_RECURSION = YES;
				CLANG_WARN_INT_CONVERSION = YES;
				CLANG_WARN_NON_LITERAL_NULL_CONVERSION = YES;
				CLANG_WARN_OBJC_IMPLICIT_RETAIN_SELF = YES;
				CLANG_WARN_OBJC_LITERAL_CONVERSION = YES;
				CLANG_WARN_OBJC_ROOT_CLASS = YES_ERROR;
				CLANG_WARN_QUOTED_INCLUDE_IN_FRAMEWORK_HEADER = YES;
				CLANG_WARN_RANGE_LOOP_ANALYSIS = YES;
				CLANG_WARN_STRICT_PROTOTYPES = YES;
				CLANG_WARN_SUSPICIOUS_MOVE = YES;
				CLANG_WARN_UNGUARDED_AVAILABILITY = YES_AGGRESSIVE;
				CLANG_WARN_UNREACHABLE_CODE = YES;
				CLANG_WARN__DUPLICATE_METHOD_MATCH = YES;
				COPY_PHASE_STRIP = NO;
				DEBUG_INFORMATION_FORMAT = "dwarf-with-dsym";
				ENABLE_NS_ASSERTIONS = NO;
				ENABLE_STRICT_OBJC_MSGSEND = YES;
				GCC_C_LANGUAGE_STANDARD = gnu11;
				GCC_NO_COMMON_BLOCKS = YES;
				GCC_WARN_64_TO_32_BIT_CONVERSION = YES;
				GCC_WARN_ABOUT_RETURN_TYPE = YES_ERROR;
				GCC_WARN_UNDECLARED_SELECTOR = YES;
				GCC_WARN_UNINITIALIZED_AUTOS = YES_AGGRESSIVE;
				GCC_WARN_UNUSED_FUNCTION = YES;
				GCC_WARN_UNUSED_VARIABLE = YES;
				IPHONEOS_DEPLOYMENT_TARGET = 16.0;
				MTL_ENABLE_DEBUG_INFO = NO;
				MTL_FAST_MATH = YES;
				SDKROOT = iphoneos;
				SWIFT_COMPILATION_MODE = wholemodule;
				SWIFT_OPTIMIZATION_LEVEL = "-O";
				VALIDATE_PRODUCT = YES;
			};
			name = Release;
		};
		4E272BB928E702E300628B9B /* Debug */ = {
			isa = XCBuildConfiguration;
			buildSettings = {
				ASSETCATALOG_COMPILER_APPICON_NAME = AppIcon;
				ASSETCATALOG_COMPILER_GLOBAL_ACCENT_COLOR_NAME = AccentColor;
				CODE_SIGN_STYLE = Automatic;
				CURRENT_PROJECT_VERSION = 1;
				DEVELOPMENT_ASSET_PATHS = "\"SwiftUiExample/Preview Content\"";
				DEVELOPMENT_TEAM = M482NLUG3A;
				ENABLE_PREVIEWS = YES;
				GENERATE_INFOPLIST_FILE = YES;
				INFOPLIST_KEY_UIApplicationSceneManifest_Generation = YES;
				INFOPLIST_KEY_UIApplicationSupportsIndirectInputEvents = YES;
				INFOPLIST_KEY_UILaunchScreen_Generation = YES;
				INFOPLIST_KEY_UISupportedInterfaceOrientations_iPad = "UIInterfaceOrientationPortrait UIInterfaceOrientationPortraitUpsideDown UIInterfaceOrientationLandscapeLeft UIInterfaceOrientationLandscapeRight";
				INFOPLIST_KEY_UISupportedInterfaceOrientations_iPhone = "UIInterfaceOrientationPortrait UIInterfaceOrientationLandscapeLeft UIInterfaceOrientationLandscapeRight";
				LD_RUNPATH_SEARCH_PATHS = (
					"$(inherited)",
					"@executable_path/Frameworks",
				);
				MARKETING_VERSION = 1.0;
				PRODUCT_BUNDLE_IDENTIFIER = bugsnag.SwiftUiExample;
				PRODUCT_NAME = "$(TARGET_NAME)";
				SWIFT_EMIT_LOC_STRINGS = YES;
				SWIFT_VERSION = 5.0;
				TARGETED_DEVICE_FAMILY = "1,2";
			};
			name = Debug;
		};
		4E272BBA28E702E300628B9B /* Release */ = {
			isa = XCBuildConfiguration;
			buildSettings = {
				ASSETCATALOG_COMPILER_APPICON_NAME = AppIcon;
				ASSETCATALOG_COMPILER_GLOBAL_ACCENT_COLOR_NAME = AccentColor;
				CODE_SIGN_STYLE = Automatic;
				CURRENT_PROJECT_VERSION = 1;
				DEVELOPMENT_ASSET_PATHS = "\"SwiftUiExample/Preview Content\"";
				DEVELOPMENT_TEAM = M482NLUG3A;
				ENABLE_PREVIEWS = YES;
				GENERATE_INFOPLIST_FILE = YES;
				INFOPLIST_KEY_UIApplicationSceneManifest_Generation = YES;
				INFOPLIST_KEY_UIApplicationSupportsIndirectInputEvents = YES;
				INFOPLIST_KEY_UILaunchScreen_Generation = YES;
				INFOPLIST_KEY_UISupportedInterfaceOrientations_iPad = "UIInterfaceOrientationPortrait UIInterfaceOrientationPortraitUpsideDown UIInterfaceOrientationLandscapeLeft UIInterfaceOrientationLandscapeRight";
				INFOPLIST_KEY_UISupportedInterfaceOrientations_iPhone = "UIInterfaceOrientationPortrait UIInterfaceOrientationLandscapeLeft UIInterfaceOrientationLandscapeRight";
				LD_RUNPATH_SEARCH_PATHS = (
					"$(inherited)",
					"@executable_path/Frameworks",
				);
				MARKETING_VERSION = 1.0;
				PRODUCT_BUNDLE_IDENTIFIER = bugsnag.SwiftUiExample;
				PRODUCT_NAME = "$(TARGET_NAME)";
				SWIFT_EMIT_LOC_STRINGS = YES;
				SWIFT_VERSION = 5.0;
				TARGETED_DEVICE_FAMILY = "1,2";
			};
			name = Release;
		};
		4E272BBC28E702E300628B9B /* Debug */ = {
			isa = XCBuildConfiguration;
			buildSettings = {
				ALWAYS_EMBED_SWIFT_STANDARD_LIBRARIES = YES;
				BUNDLE_LOADER = "$(TEST_HOST)";
				CODE_SIGN_STYLE = Automatic;
				CURRENT_PROJECT_VERSION = 1;
				DEVELOPMENT_TEAM = M482NLUG3A;
				GENERATE_INFOPLIST_FILE = YES;
				IPHONEOS_DEPLOYMENT_TARGET = 16.0;
				MARKETING_VERSION = 1.0;
				PRODUCT_BUNDLE_IDENTIFIER = bugsnag.SwiftUiExampleTests;
				PRODUCT_NAME = "$(TARGET_NAME)";
				SWIFT_EMIT_LOC_STRINGS = NO;
				SWIFT_VERSION = 5.0;
				TARGETED_DEVICE_FAMILY = "1,2";
				TEST_HOST = "$(BUILT_PRODUCTS_DIR)/SwiftUiExample.app/$(BUNDLE_EXECUTABLE_FOLDER_PATH)/SwiftUiExample";
			};
			name = Debug;
		};
		4E272BBD28E702E300628B9B /* Release */ = {
			isa = XCBuildConfiguration;
			buildSettings = {
				ALWAYS_EMBED_SWIFT_STANDARD_LIBRARIES = YES;
				BUNDLE_LOADER = "$(TEST_HOST)";
				CODE_SIGN_STYLE = Automatic;
				CURRENT_PROJECT_VERSION = 1;
				DEVELOPMENT_TEAM = M482NLUG3A;
				GENERATE_INFOPLIST_FILE = YES;
				IPHONEOS_DEPLOYMENT_TARGET = 16.0;
				MARKETING_VERSION = 1.0;
				PRODUCT_BUNDLE_IDENTIFIER = bugsnag.SwiftUiExampleTests;
				PRODUCT_NAME = "$(TARGET_NAME)";
				SWIFT_EMIT_LOC_STRINGS = NO;
				SWIFT_VERSION = 5.0;
				TARGETED_DEVICE_FAMILY = "1,2";
				TEST_HOST = "$(BUILT_PRODUCTS_DIR)/SwiftUiExample.app/$(BUNDLE_EXECUTABLE_FOLDER_PATH)/SwiftUiExample";
			};
			name = Release;
		};
		4E272BBF28E702E300628B9B /* Debug */ = {
			isa = XCBuildConfiguration;
			buildSettings = {
				ALWAYS_EMBED_SWIFT_STANDARD_LIBRARIES = YES;
				CODE_SIGN_STYLE = Automatic;
				CURRENT_PROJECT_VERSION = 1;
				DEVELOPMENT_TEAM = M482NLUG3A;
				GENERATE_INFOPLIST_FILE = YES;
				MARKETING_VERSION = 1.0;
				PRODUCT_BUNDLE_IDENTIFIER = bugsnag.SwiftUiExampleUITests;
				PRODUCT_NAME = "$(TARGET_NAME)";
				SWIFT_EMIT_LOC_STRINGS = NO;
				SWIFT_VERSION = 5.0;
				TARGETED_DEVICE_FAMILY = "1,2";
				TEST_TARGET_NAME = SwiftUiExample;
			};
			name = Debug;
		};
		4E272BC028E702E300628B9B /* Release */ = {
			isa = XCBuildConfiguration;
			buildSettings = {
				ALWAYS_EMBED_SWIFT_STANDARD_LIBRARIES = YES;
				CODE_SIGN_STYLE = Automatic;
				CURRENT_PROJECT_VERSION = 1;
				DEVELOPMENT_TEAM = M482NLUG3A;
				GENERATE_INFOPLIST_FILE = YES;
				MARKETING_VERSION = 1.0;
				PRODUCT_BUNDLE_IDENTIFIER = bugsnag.SwiftUiExampleUITests;
				PRODUCT_NAME = "$(TARGET_NAME)";
				SWIFT_EMIT_LOC_STRINGS = NO;
				SWIFT_VERSION = 5.0;
				TARGETED_DEVICE_FAMILY = "1,2";
				TEST_TARGET_NAME = SwiftUiExample;
			};
			name = Release;
		};
/* End XCBuildConfiguration section */

/* Begin XCConfigurationList section */
		4E272B8F28E702E100628B9B /* Build configuration list for PBXProject "SwiftUiExample" */ = {
			isa = XCConfigurationList;
			buildConfigurations = (
				4E272BB628E702E300628B9B /* Debug */,
				4E272BB728E702E300628B9B /* Release */,
			);
			defaultConfigurationIsVisible = 0;
			defaultConfigurationName = Release;
		};
		4E272BB828E702E300628B9B /* Build configuration list for PBXNativeTarget "SwiftUiExample" */ = {
			isa = XCConfigurationList;
			buildConfigurations = (
				4E272BB928E702E300628B9B /* Debug */,
				4E272BBA28E702E300628B9B /* Release */,
			);
			defaultConfigurationIsVisible = 0;
			defaultConfigurationName = Release;
		};
		4E272BBB28E702E300628B9B /* Build configuration list for PBXNativeTarget "SwiftUiExampleTests" */ = {
			isa = XCConfigurationList;
			buildConfigurations = (
				4E272BBC28E702E300628B9B /* Debug */,
				4E272BBD28E702E300628B9B /* Release */,
			);
			defaultConfigurationIsVisible = 0;
			defaultConfigurationName = Release;
		};
		4E272BBE28E702E300628B9B /* Build configuration list for PBXNativeTarget "SwiftUiExampleUITests" */ = {
			isa = XCConfigurationList;
			buildConfigurations = (
				4E272BBF28E702E300628B9B /* Debug */,
				4E272BC028E702E300628B9B /* Release */,
			);
			defaultConfigurationIsVisible = 0;
			defaultConfigurationName = Release;
		};
/* End XCConfigurationList section */
	};
	rootObject = 4E272B8C28E702E100628B9B /* Project object */;
}
